
Microsoft Visual Studio Solution File, Format Version 12.00
# Visual Studio Version 17
VisualStudioVersion = 17.4.33122.133
MinimumVisualStudioVersion = 10.0.40219.1
Project("{FAE04EC0-301F-11D3-BF4B-00C04F79EFBC}") = "Company", "WindowsFormsApp1\Company.csproj", "{96745FFF-304A-4D90-B21A-693AC580703A}"
EndProject
Global
	GlobalSection(SolutionConfigurationPlatforms) = preSolution
		Debug|Any CPU = Debug|Any CPU
		Release|Any CPU = Release|Any CPU
	EndGlobalSection
	GlobalSection(ProjectConfigurationPlatforms) = postSolution
		{96745FFF-304A-4D90-B21A-693AC580703A}.Debug|Any CPU.ActiveCfg = Debug|Any CPU
		{96745FFF-304A-4D90-B21A-693AC580703A}.Debug|Any CPU.Build.0 = Debug|Any CPU
		{96745FFF-304A-4D90-B21A-693AC580703A}.Release|Any CPU.ActiveCfg = Release|Any CPU
		{96745FFF-304A-4D90-B21A-693AC580703A}.Release|Any CPU.Build.0 = Release|Any CPU
	EndGlobalSection
	GlobalSection(SolutionProperties) = preSolution
		HideSolutionNode = FALSE
	EndGlobalSection
	GlobalSection(ExtensibilityGlobals) = postSolution
		SolutionGuid = {088D6297-B42B-4466-8086-DA43A3E8866A}
	EndGlobalSection
EndGlobal
